// !$*UTF8*$!
{
	archiveVersion = 1;
	classes = {
	};
	objectVersion = 56;
	objects = {

/* Begin PBXBuildFile section */
		EB80D0D52AD6BB6E00C2C8C7 /* AppDelegate.swift in Sources */ = {isa = PBXBuildFile; fileRef = EB80D0D42AD6BB6E00C2C8C7 /* AppDelegate.swift */; };
		EB80D0D92AD6BB6E00C2C8C7 /* InitialViewController.swift in Sources */ = {isa = PBXBuildFile; fileRef = EB80D0D82AD6BB6E00C2C8C7 /* InitialViewController.swift */; };
		EB80D0DE2AD6BB8400C2C8C7 /* Assets.xcassets in Resources */ = {isa = PBXBuildFile; fileRef = EB80D0DD2AD6BB8400C2C8C7 /* Assets.xcassets */; };
		EB80D0E12AD6BB8400C2C8C7 /* LaunchScreen.storyboard in Resources */ = {isa = PBXBuildFile; fileRef = EB80D0DF2AD6BB8400C2C8C7 /* LaunchScreen.storyboard */; };
		EBA040322AD8044A00ED7312 /* FirstIntroScreen.xib in Resources */ = {isa = PBXBuildFile; fileRef = EBA040312AD8044A00ED7312 /* FirstIntroScreen.xib */; };
		EBA040342AD8046A00ED7312 /* FirstIntroScreen.swift in Sources */ = {isa = PBXBuildFile; fileRef = EBA040332AD8046A00ED7312 /* FirstIntroScreen.swift */; };
		EBA040362AD819CB00ED7312 /* AuthenticationViewController.swift in Sources */ = {isa = PBXBuildFile; fileRef = EBA040352AD819CB00ED7312 /* AuthenticationViewController.swift */; };
		EBA040382AD819F000ED7312 /* AuthenticationScreen.xib in Resources */ = {isa = PBXBuildFile; fileRef = EBA040372AD819F000ED7312 /* AuthenticationScreen.xib */; };
		EBA0403A2AD81A1100ED7312 /* AuthenticationScreen.swift in Sources */ = {isa = PBXBuildFile; fileRef = EBA040392AD81A1100ED7312 /* AuthenticationScreen.swift */; };
		EBA0403C2AD81FD200ED7312 /* HomeScreen.xib in Resources */ = {isa = PBXBuildFile; fileRef = EBA0403B2AD81FD200ED7312 /* HomeScreen.xib */; };
		EBA0403E2AD8200100ED7312 /* HomeScreen.swift in Sources */ = {isa = PBXBuildFile; fileRef = EBA0403D2AD8200100ED7312 /* HomeScreen.swift */; };
		EBA040402AD82A6000ED7312 /* RecommendedViewUI.xib in Resources */ = {isa = PBXBuildFile; fileRef = EBA0403F2AD82A6000ED7312 /* RecommendedViewUI.xib */; };
		EBA040422AD82A8700ED7312 /* RecommendedViewUI.swift in Sources */ = {isa = PBXBuildFile; fileRef = EBA040412AD82A8700ED7312 /* RecommendedViewUI.swift */; };
		EBA040442AD82C3200ED7312 /* OtherCombos.xib in Resources */ = {isa = PBXBuildFile; fileRef = EBA040432AD82C3200ED7312 /* OtherCombos.xib */; };
		EBA040462AD82C5200ED7312 /* OtherCombos.swift in Sources */ = {isa = PBXBuildFile; fileRef = EBA040452AD82C5200ED7312 /* OtherCombos.swift */; };
		EBA040482AD82FEE00ED7312 /* ImageDetailsCollectionViewCell.xib in Resources */ = {isa = PBXBuildFile; fileRef = EBA040472AD82FEE00ED7312 /* ImageDetailsCollectionViewCell.xib */; };
		EBA0404A2AD8302100ED7312 /* ImageDetailsCollectionViewCell.swift in Sources */ = {isa = PBXBuildFile; fileRef = EBA040492AD8302100ED7312 /* ImageDetailsCollectionViewCell.swift */; };
		EBA0404C2AD8340400ED7312 /* HomeScreenViewController.swift in Sources */ = {isa = PBXBuildFile; fileRef = EBA0404B2AD8340400ED7312 /* HomeScreenViewController.swift */; };
		EBA0404E2AD8595B00ED7312 /* UIView+Extension.swift in Sources */ = {isa = PBXBuildFile; fileRef = EBA0404D2AD8595B00ED7312 /* UIView+Extension.swift */; };
		EBA040502AD8621800ED7312 /* MenuDetails.swift in Sources */ = {isa = PBXBuildFile; fileRef = EBA0404F2AD8621800ED7312 /* MenuDetails.swift */; };
		EBA040522AD8639F00ED7312 /* FoodData.json in Resources */ = {isa = PBXBuildFile; fileRef = EBA040512AD8639F00ED7312 /* FoodData.json */; };
		EBA040542AD8659500ED7312 /* Constant.swift in Sources */ = {isa = PBXBuildFile; fileRef = EBA040532AD8659500ED7312 /* Constant.swift */; };
		EBA040562AD86ADF00ED7312 /* HomeScreenViewModel.swift in Sources */ = {isa = PBXBuildFile; fileRef = EBA040552AD86ADF00ED7312 /* HomeScreenViewModel.swift */; };
		EBA040582AD86BA000ED7312 /* NetworkManager.swift in Sources */ = {isa = PBXBuildFile; fileRef = EBA040572AD86BA000ED7312 /* NetworkManager.swift */; };
/* End PBXBuildFile section */

/* Begin PBXFileReference section */
		EB80D0D12AD6BB6E00C2C8C7 /* RewardzTest.app */ = {isa = PBXFileReference; explicitFileType = wrapper.application; includeInIndex = 0; path = RewardzTest.app; sourceTree = BUILT_PRODUCTS_DIR; };
		EB80D0D42AD6BB6E00C2C8C7 /* AppDelegate.swift */ = {isa = PBXFileReference; lastKnownFileType = sourcecode.swift; path = AppDelegate.swift; sourceTree = "<group>"; };
		EB80D0D82AD6BB6E00C2C8C7 /* InitialViewController.swift */ = {isa = PBXFileReference; lastKnownFileType = sourcecode.swift; path = InitialViewController.swift; sourceTree = "<group>"; };
		EB80D0DD2AD6BB8400C2C8C7 /* Assets.xcassets */ = {isa = PBXFileReference; lastKnownFileType = folder.assetcatalog; path = Assets.xcassets; sourceTree = "<group>"; };
		EB80D0E02AD6BB8400C2C8C7 /* Base */ = {isa = PBXFileReference; lastKnownFileType = file.storyboard; name = Base; path = Base.lproj/LaunchScreen.storyboard; sourceTree = "<group>"; };
		EB80D0E22AD6BB8400C2C8C7 /* Info.plist */ = {isa = PBXFileReference; lastKnownFileType = text.plist.xml; path = Info.plist; sourceTree = "<group>"; };
		EBA040312AD8044A00ED7312 /* FirstIntroScreen.xib */ = {isa = PBXFileReference; lastKnownFileType = file.xib; path = FirstIntroScreen.xib; sourceTree = "<group>"; };
		EBA040332AD8046A00ED7312 /* FirstIntroScreen.swift */ = {isa = PBXFileReference; lastKnownFileType = sourcecode.swift; path = FirstIntroScreen.swift; sourceTree = "<group>"; };
		EBA040352AD819CB00ED7312 /* AuthenticationViewController.swift */ = {isa = PBXFileReference; lastKnownFileType = sourcecode.swift; path = AuthenticationViewController.swift; sourceTree = "<group>"; };
		EBA040372AD819F000ED7312 /* AuthenticationScreen.xib */ = {isa = PBXFileReference; lastKnownFileType = file.xib; path = AuthenticationScreen.xib; sourceTree = "<group>"; };
		EBA040392AD81A1100ED7312 /* AuthenticationScreen.swift */ = {isa = PBXFileReference; lastKnownFileType = sourcecode.swift; path = AuthenticationScreen.swift; sourceTree = "<group>"; };
		EBA0403B2AD81FD200ED7312 /* HomeScreen.xib */ = {isa = PBXFileReference; lastKnownFileType = file.xib; path = HomeScreen.xib; sourceTree = "<group>"; };
		EBA0403D2AD8200100ED7312 /* HomeScreen.swift */ = {isa = PBXFileReference; lastKnownFileType = sourcecode.swift; path = HomeScreen.swift; sourceTree = "<group>"; };
		EBA0403F2AD82A6000ED7312 /* RecommendedViewUI.xib */ = {isa = PBXFileReference; lastKnownFileType = file.xib; path = RecommendedViewUI.xib; sourceTree = "<group>"; };
		EBA040412AD82A8700ED7312 /* RecommendedViewUI.swift */ = {isa = PBXFileReference; lastKnownFileType = sourcecode.swift; path = RecommendedViewUI.swift; sourceTree = "<group>"; };
		EBA040432AD82C3200ED7312 /* OtherCombos.xib */ = {isa = PBXFileReference; lastKnownFileType = file.xib; path = OtherCombos.xib; sourceTree = "<group>"; };
		EBA040452AD82C5200ED7312 /* OtherCombos.swift */ = {isa = PBXFileReference; lastKnownFileType = sourcecode.swift; path = OtherCombos.swift; sourceTree = "<group>"; };
		EBA040472AD82FEE00ED7312 /* ImageDetailsCollectionViewCell.xib */ = {isa = PBXFileReference; lastKnownFileType = file.xib; path = ImageDetailsCollectionViewCell.xib; sourceTree = "<group>"; };
		EBA040492AD8302100ED7312 /* ImageDetailsCollectionViewCell.swift */ = {isa = PBXFileReference; lastKnownFileType = sourcecode.swift; path = ImageDetailsCollectionViewCell.swift; sourceTree = "<group>"; };
		EBA0404B2AD8340400ED7312 /* HomeScreenViewController.swift */ = {isa = PBXFileReference; lastKnownFileType = sourcecode.swift; path = HomeScreenViewController.swift; sourceTree = "<group>"; };
		EBA0404D2AD8595B00ED7312 /* UIView+Extension.swift */ = {isa = PBXFileReference; lastKnownFileType = sourcecode.swift; path = "UIView+Extension.swift"; sourceTree = "<group>"; };
		EBA0404F2AD8621800ED7312 /* MenuDetails.swift */ = {isa = PBXFileReference; lastKnownFileType = sourcecode.swift; path = MenuDetails.swift; sourceTree = "<group>"; };
		EBA040512AD8639F00ED7312 /* FoodData.json */ = {isa = PBXFileReference; fileEncoding = 4; lastKnownFileType = text.json; path = FoodData.json; sourceTree = "<group>"; };
		EBA040532AD8659500ED7312 /* Constant.swift */ = {isa = PBXFileReference; lastKnownFileType = sourcecode.swift; path = Constant.swift; sourceTree = "<group>"; };
		EBA040552AD86ADF00ED7312 /* HomeScreenViewModel.swift */ = {isa = PBXFileReference; lastKnownFileType = sourcecode.swift; path = HomeScreenViewModel.swift; sourceTree = "<group>"; };
		EBA040572AD86BA000ED7312 /* NetworkManager.swift */ = {isa = PBXFileReference; lastKnownFileType = sourcecode.swift; path = NetworkManager.swift; sourceTree = "<group>"; };
/* End PBXFileReference section */

/* Begin PBXFrameworksBuildPhase section */
		EB80D0CE2AD6BB6E00C2C8C7 /* Frameworks */ = {
			isa = PBXFrameworksBuildPhase;
			buildActionMask = 2147483647;
			files = (
			);
			runOnlyForDeploymentPostprocessing = 0;
		};
/* End PBXFrameworksBuildPhase section */

/* Begin PBXGroup section */
		EB4501242AD8E5E2000722B0 /* InitialScreen */ = {
			isa = PBXGroup;
			children = (
				EB80D0D82AD6BB6E00C2C8C7 /* InitialViewController.swift */,
				EB4501252AD8E5FC000722B0 /* InitialXibFiles */,
			);
			path = InitialScreen;
			sourceTree = "<group>";
		};
		EB4501252AD8E5FC000722B0 /* InitialXibFiles */ = {
			isa = PBXGroup;
			children = (
				EBA040312AD8044A00ED7312 /* FirstIntroScreen.xib */,
				EBA040332AD8046A00ED7312 /* FirstIntroScreen.swift */,
			);
			path = InitialXibFiles;
			sourceTree = "<group>";
		};
		EB4501262AD8E781000722B0 /* AuthScreen */ = {
			isa = PBXGroup;
			children = (
				EB4501272AD8E78F000722B0 /* AuthuXibFiles */,
				EBA040352AD819CB00ED7312 /* AuthenticationViewController.swift */,
			);
			path = AuthScreen;
			sourceTree = "<group>";
		};
		EB4501272AD8E78F000722B0 /* AuthuXibFiles */ = {
			isa = PBXGroup;
			children = (
				EBA040372AD819F000ED7312 /* AuthenticationScreen.xib */,
				EBA040392AD81A1100ED7312 /* AuthenticationScreen.swift */,
			);
			path = AuthuXibFiles;
			sourceTree = "<group>";
		};
		EB4501282AD8E93A000722B0 /* HomeScreens */ = {
			isa = PBXGroup;
			children = (
				EBF50D8D2AD8ED6F003C8B04 /* CollectionCellXib */,
				EBF50D8C2AD8ECBF003C8B04 /* OtherComboXib */,
				EBF50D8B2AD8ECA8003C8B04 /* RecommendedXibFiles */,
				EB4501292AD8EA74000722B0 /* HomeSceenXibFiles */,
				EBA040552AD86ADF00ED7312 /* HomeScreenViewModel.swift */,
				EBA0404B2AD8340400ED7312 /* HomeScreenViewController.swift */,
			);
			path = HomeScreens;
			sourceTree = "<group>";
		};
		EB4501292AD8EA74000722B0 /* HomeSceenXibFiles */ = {
			isa = PBXGroup;
			children = (
				EBA0403B2AD81FD200ED7312 /* HomeScreen.xib */,
				EBA0403D2AD8200100ED7312 /* HomeScreen.swift */,
			);
			path = HomeSceenXibFiles;
			sourceTree = "<group>";
		};
		EB80D0C82AD6BB6C00C2C8C7 = {
			isa = PBXGroup;
			children = (
				EB80D0D32AD6BB6E00C2C8C7 /* RewardzTest */,
				EB80D0D22AD6BB6E00C2C8C7 /* Products */,
			);
			sourceTree = "<group>";
		};
		EB80D0D22AD6BB6E00C2C8C7 /* Products */ = {
			isa = PBXGroup;
			children = (
				EB80D0D12AD6BB6E00C2C8C7 /* RewardzTest.app */,
			);
			name = Products;
			sourceTree = "<group>";
		};
		EB80D0D32AD6BB6E00C2C8C7 /* RewardzTest */ = {
			isa = PBXGroup;
			children = (
				EB4501282AD8E93A000722B0 /* HomeScreens */,
				EB4501262AD8E781000722B0 /* AuthScreen */,
				EB4501242AD8E5E2000722B0 /* InitialScreen */,
				EB80D0D42AD6BB6E00C2C8C7 /* AppDelegate.swift */,
				EB80D0DD2AD6BB8400C2C8C7 /* Assets.xcassets */,
				EB80D0DF2AD6BB8400C2C8C7 /* LaunchScreen.storyboard */,
				EB80D0E22AD6BB8400C2C8C7 /* Info.plist */,
				EBA040512AD8639F00ED7312 /* FoodData.json */,
				EBA0404D2AD8595B00ED7312 /* UIView+Extension.swift */,
				EBA0404F2AD8621800ED7312 /* MenuDetails.swift */,
				EBA040532AD8659500ED7312 /* Constant.swift */,
				EBA040572AD86BA000ED7312 /* NetworkManager.swift */,
			);
			path = RewardzTest;
			sourceTree = "<group>";
		};
		EBF50D8B2AD8ECA8003C8B04 /* RecommendedXibFiles */ = {
			isa = PBXGroup;
			children = (
				EBA040412AD82A8700ED7312 /* RecommendedViewUI.swift */,
				EBA0403F2AD82A6000ED7312 /* RecommendedViewUI.xib */,
			);
			path = RecommendedXibFiles;
			sourceTree = "<group>";
		};
		EBF50D8C2AD8ECBF003C8B04 /* OtherComboXib */ = {
			isa = PBXGroup;
			children = (
				EBA040432AD82C3200ED7312 /* OtherCombos.xib */,
				EBA040452AD82C5200ED7312 /* OtherCombos.swift */,
			);
			path = OtherComboXib;
			sourceTree = "<group>";
		};
		EBF50D8D2AD8ED6F003C8B04 /* CollectionCellXib */ = {
			isa = PBXGroup;
			children = (
				EBA040492AD8302100ED7312 /* ImageDetailsCollectionViewCell.swift */,
				EBA040472AD82FEE00ED7312 /* ImageDetailsCollectionViewCell.xib */,
			);
			path = CollectionCellXib;
			sourceTree = "<group>";
		};
/* End PBXGroup section */

/* Begin PBXNativeTarget section */
		EB80D0D02AD6BB6E00C2C8C7 /* RewardzTest */ = {
			isa = PBXNativeTarget;
			buildConfigurationList = EB80D0E52AD6BB8400C2C8C7 /* Build configuration list for PBXNativeTarget "RewardzTest" */;
			buildPhases = (
				EB80D0CD2AD6BB6E00C2C8C7 /* Sources */,
				EB80D0CE2AD6BB6E00C2C8C7 /* Frameworks */,
				EB80D0CF2AD6BB6E00C2C8C7 /* Resources */,
			);
			buildRules = (
			);
			dependencies = (
			);
			name = RewardzTest;
			productName = RewardzTest;
			productReference = EB80D0D12AD6BB6E00C2C8C7 /* RewardzTest.app */;
			productType = "com.apple.product-type.application";
		};
/* End PBXNativeTarget section */

/* Begin PBXProject section */
		EB80D0C92AD6BB6C00C2C8C7 /* Project object */ = {
			isa = PBXProject;
			attributes = {
				BuildIndependentTargetsInParallel = 1;
				LastSwiftUpdateCheck = 1430;
				LastUpgradeCheck = 1430;
				TargetAttributes = {
					EB80D0D02AD6BB6E00C2C8C7 = {
						CreatedOnToolsVersion = 14.3.1;
					};
				};
			};
			buildConfigurationList = EB80D0CC2AD6BB6D00C2C8C7 /* Build configuration list for PBXProject "RewardzTest" */;
			compatibilityVersion = "Xcode 14.0";
			developmentRegion = en;
			hasScannedForEncodings = 0;
			knownRegions = (
				en,
				Base,
			);
			mainGroup = EB80D0C82AD6BB6C00C2C8C7;
			productRefGroup = EB80D0D22AD6BB6E00C2C8C7 /* Products */;
			projectDirPath = "";
			projectRoot = "";
			targets = (
				EB80D0D02AD6BB6E00C2C8C7 /* RewardzTest */,
			);
		};
/* End PBXProject section */

/* Begin PBXResourcesBuildPhase section */
		EB80D0CF2AD6BB6E00C2C8C7 /* Resources */ = {
			isa = PBXResourcesBuildPhase;
			buildActionMask = 2147483647;
			files = (
				EBA040322AD8044A00ED7312 /* FirstIntroScreen.xib in Resources */,
				EBA040382AD819F000ED7312 /* AuthenticationScreen.xib in Resources */,
				EBA0403C2AD81FD200ED7312 /* HomeScreen.xib in Resources */,
				EBA040522AD8639F00ED7312 /* FoodData.json in Resources */,
				EB80D0E12AD6BB8400C2C8C7 /* LaunchScreen.storyboard in Resources */,
				EB80D0DE2AD6BB8400C2C8C7 /* Assets.xcassets in Resources */,
				EBA040442AD82C3200ED7312 /* OtherCombos.xib in Resources */,
				EBA040402AD82A6000ED7312 /* RecommendedViewUI.xib in Resources */,
				EBA040482AD82FEE00ED7312 /* ImageDetailsCollectionViewCell.xib in Resources */,
			);
			runOnlyForDeploymentPostprocessing = 0;
		};
/* End PBXResourcesBuildPhase section */

/* Begin PBXSourcesBuildPhase section */
		EB80D0CD2AD6BB6E00C2C8C7 /* Sources */ = {
			isa = PBXSourcesBuildPhase;
			buildActionMask = 2147483647;
			files = (
				EBA0404E2AD8595B00ED7312 /* UIView+Extension.swift in Sources */,
				EBA040362AD819CB00ED7312 /* AuthenticationViewController.swift in Sources */,
				EBA040462AD82C5200ED7312 /* OtherCombos.swift in Sources */,
				EBA0403A2AD81A1100ED7312 /* AuthenticationScreen.swift in Sources */,
				EBA0403E2AD8200100ED7312 /* HomeScreen.swift in Sources */,
				EB80D0D92AD6BB6E00C2C8C7 /* InitialViewController.swift in Sources */,
				EBA040422AD82A8700ED7312 /* RecommendedViewUI.swift in Sources */,
				EBA040342AD8046A00ED7312 /* FirstIntroScreen.swift in Sources */,
				EB80D0D52AD6BB6E00C2C8C7 /* AppDelegate.swift in Sources */,
				EBA040562AD86ADF00ED7312 /* HomeScreenViewModel.swift in Sources */,
				EBA040542AD8659500ED7312 /* Constant.swift in Sources */,
				EBA0404A2AD8302100ED7312 /* ImageDetailsCollectionViewCell.swift in Sources */,
				EBA040582AD86BA000ED7312 /* NetworkManager.swift in Sources */,
				EBA0404C2AD8340400ED7312 /* HomeScreenViewController.swift in Sources */,
				EBA040502AD8621800ED7312 /* MenuDetails.swift in Sources */,
			);
			runOnlyForDeploymentPostprocessing = 0;
		};
/* End PBXSourcesBuildPhase section */

/* Begin PBXVariantGroup section */
		EB80D0DF2AD6BB8400C2C8C7 /* LaunchScreen.storyboard */ = {
			isa = PBXVariantGroup;
			children = (
				EB80D0E02AD6BB8400C2C8C7 /* Base */,
			);
			name = LaunchScreen.storyboard;
			sourceTree = "<group>";
		};
/* End PBXVariantGroup section */

/* Begin XCBuildConfiguration section */
		EB80D0E32AD6BB8400C2C8C7 /* Debug */ = {
			isa = XCBuildConfiguration;
			buildSettings = {
				ALWAYS_SEARCH_USER_PATHS = NO;
				CLANG_ANALYZER_NONNULL = YES;
				CLANG_ANALYZER_NUMBER_OBJECT_CONVERSION = YES_AGGRESSIVE;
				CLANG_CXX_LANGUAGE_STANDARD = "gnu++20";
				CLANG_ENABLE_MODULES = YES;
				CLANG_ENABLE_OBJC_ARC = YES;
				CLANG_ENABLE_OBJC_WEAK = YES;
				CLANG_WARN_BLOCK_CAPTURE_AUTORELEASING = YES;
				CLANG_WARN_BOOL_CONVERSION = YES;
				CLANG_WARN_COMMA = YES;
				CLANG_WARN_CONSTANT_CONVERSION = YES;
				CLANG_WARN_DEPRECATED_OBJC_IMPLEMENTATIONS = YES;
				CLANG_WARN_DIRECT_OBJC_ISA_USAGE = YES_ERROR;
				CLANG_WARN_DOCUMENTATION_COMMENTS = YES;
				CLANG_WARN_EMPTY_BODY = YES;
				CLANG_WARN_ENUM_CONVERSION = YES;
				CLANG_WARN_INFINITE_RECURSION = YES;
				CLANG_WARN_INT_CONVERSION = YES;
				CLANG_WARN_NON_LITERAL_NULL_CONVERSION = YES;
				CLANG_WARN_OBJC_IMPLICIT_RETAIN_SELF = YES;
				CLANG_WARN_OBJC_LITERAL_CONVERSION = YES;
				CLANG_WARN_OBJC_ROOT_CLASS = YES_ERROR;
				CLANG_WARN_QUOTED_INCLUDE_IN_FRAMEWORK_HEADER = YES;
				CLANG_WARN_RANGE_LOOP_ANALYSIS = YES;
				CLANG_WARN_STRICT_PROTOTYPES = YES;
				CLANG_WARN_SUSPICIOUS_MOVE = YES;
				CLANG_WARN_UNGUARDED_AVAILABILITY = YES_AGGRESSIVE;
				CLANG_WARN_UNREACHABLE_CODE = YES;
				CLANG_WARN__DUPLICATE_METHOD_MATCH = YES;
				COPY_PHASE_STRIP = NO;
				DEBUG_INFORMATION_FORMAT = dwarf;
				ENABLE_STRICT_OBJC_MSGSEND = YES;
				ENABLE_TESTABILITY = YES;
				GCC_C_LANGUAGE_STANDARD = gnu11;
				GCC_DYNAMIC_NO_PIC = NO;
				GCC_NO_COMMON_BLOCKS = YES;
				GCC_OPTIMIZATION_LEVEL = 0;
				GCC_PREPROCESSOR_DEFINITIONS = (
					"DEBUG=1",
					"$(inherited)",
				);
				GCC_WARN_64_TO_32_BIT_CONVERSION = YES;
				GCC_WARN_ABOUT_RETURN_TYPE = YES_ERROR;
				GCC_WARN_UNDECLARED_SELECTOR = YES;
				GCC_WARN_UNINITIALIZED_AUTOS = YES_AGGRESSIVE;
				GCC_WARN_UNUSED_FUNCTION = YES;
				GCC_WARN_UNUSED_VARIABLE = YES;
				IPHONEOS_DEPLOYMENT_TARGET = 16.4;
				MTL_ENABLE_DEBUG_INFO = INCLUDE_SOURCE;
				MTL_FAST_MATH = YES;
				ONLY_ACTIVE_ARCH = YES;
				SDKROOT = iphoneos;
				SWIFT_ACTIVE_COMPILATION_CONDITIONS = DEBUG;
				SWIFT_OPTIMIZATION_LEVEL = "-Onone";
			};
			name = Debug;
		};
		EB80D0E42AD6BB8400C2C8C7 /* Release */ = {
			isa = XCBuildConfiguration;
			buildSettings = {
				ALWAYS_SEARCH_USER_PATHS = NO;
				CLANG_ANALYZER_NONNULL = YES;
				CLANG_ANALYZER_NUMBER_OBJECT_CONVERSION = YES_AGGRESSIVE;
				CLANG_CXX_LANGUAGE_STANDARD = "gnu++20";
				CLANG_ENABLE_MODULES = YES;
				CLANG_ENABLE_OBJC_ARC = YES;
				CLANG_ENABLE_OBJC_WEAK = YES;
				CLANG_WARN_BLOCK_CAPTURE_AUTORELEASING = YES;
				CLANG_WARN_BOOL_CONVERSION = YES;
				CLANG_WARN_COMMA = YES;
				CLANG_WARN_CONSTANT_CONVERSION = YES;
				CLANG_WARN_DEPRECATED_OBJC_IMPLEMENTATIONS = YES;
				CLANG_WARN_DIRECT_OBJC_ISA_USAGE = YES_ERROR;
				CLANG_WARN_DOCUMENTATION_COMMENTS = YES;
				CLANG_WARN_EMPTY_BODY = YES;
				CLANG_WARN_ENUM_CONVERSION = YES;
				CLANG_WARN_INFINITE_RECURSION = YES;
				CLANG_WARN_INT_CONVERSION = YES;
				CLANG_WARN_NON_LITERAL_NULL_CONVERSION = YES;
				CLANG_WARN_OBJC_IMPLICIT_RETAIN_SELF = YES;
				CLANG_WARN_OBJC_LITERAL_CONVERSION = YES;
				CLANG_WARN_OBJC_ROOT_CLASS = YES_ERROR;
				CLANG_WARN_QUOTED_INCLUDE_IN_FRAMEWORK_HEADER = YES;
				CLANG_WARN_RANGE_LOOP_ANALYSIS = YES;
				CLANG_WARN_STRICT_PROTOTYPES = YES;
				CLANG_WARN_SUSPICIOUS_MOVE = YES;
				CLANG_WARN_UNGUARDED_AVAILABILITY = YES_AGGRESSIVE;
				CLANG_WARN_UNREACHABLE_CODE = YES;
				CLANG_WARN__DUPLICATE_METHOD_MATCH = YES;
				COPY_PHASE_STRIP = NO;
				DEBUG_INFORMATION_FORMAT = "dwarf-with-dsym";
				ENABLE_NS_ASSERTIONS = NO;
				ENABLE_STRICT_OBJC_MSGSEND = YES;
				GCC_C_LANGUAGE_STANDARD = gnu11;
				GCC_NO_COMMON_BLOCKS = YES;
				GCC_WARN_64_TO_32_BIT_CONVERSION = YES;
				GCC_WARN_ABOUT_RETURN_TYPE = YES_ERROR;
				GCC_WARN_UNDECLARED_SELECTOR = YES;
				GCC_WARN_UNINITIALIZED_AUTOS = YES_AGGRESSIVE;
				GCC_WARN_UNUSED_FUNCTION = YES;
				GCC_WARN_UNUSED_VARIABLE = YES;
				IPHONEOS_DEPLOYMENT_TARGET = 16.4;
				MTL_ENABLE_DEBUG_INFO = NO;
				MTL_FAST_MATH = YES;
				SDKROOT = iphoneos;
				SWIFT_COMPILATION_MODE = wholemodule;
				SWIFT_OPTIMIZATION_LEVEL = "-O";
				VALIDATE_PRODUCT = YES;
			};
			name = Release;
		};
		EB80D0E62AD6BB8400C2C8C7 /* Debug */ = {
			isa = XCBuildConfiguration;
			buildSettings = {
				ASSETCATALOG_COMPILER_APPICON_NAME = AppIcon;
				ASSETCATALOG_COMPILER_GLOBAL_ACCENT_COLOR_NAME = AccentColor;
				CODE_SIGN_STYLE = Automatic;
				CURRENT_PROJECT_VERSION = 1;
				DEVELOPMENT_TEAM = 5Q3PSRJ62X;
				GENERATE_INFOPLIST_FILE = YES;
				INFOPLIST_FILE = RewardzTest/Info.plist;
				INFOPLIST_KEY_UIApplicationSupportsIndirectInputEvents = YES;
				INFOPLIST_KEY_UILaunchStoryboardName = LaunchScreen;
				INFOPLIST_KEY_UIMainStoryboardFile = "";
				INFOPLIST_KEY_UISupportedInterfaceOrientations_iPad = "UIInterfaceOrientationPortrait UIInterfaceOrientationPortraitUpsideDown UIInterfaceOrientationLandscapeLeft UIInterfaceOrientationLandscapeRight";
				INFOPLIST_KEY_UISupportedInterfaceOrientations_iPhone = "UIInterfaceOrientationPortrait UIInterfaceOrientationLandscapeLeft UIInterfaceOrientationLandscapeRight";
				IPHONEOS_DEPLOYMENT_TARGET = 14.0;
				LD_RUNPATH_SEARCH_PATHS = (
					"$(inherited)",
					"@executable_path/Frameworks",
				);
				MARKETING_VERSION = 1.0;
				PRODUCT_BUNDLE_IDENTIFIER = com.softsuave.RewardzTest;
				PRODUCT_NAME = "$(TARGET_NAME)";
				SWIFT_EMIT_LOC_STRINGS = YES;
				SWIFT_VERSION = 5.0;
				TARGETED_DEVICE_FAMILY = "1,2";
			};
			name = Debug;
		};
		EB80D0E72AD6BB8400C2C8C7 /* Release */ = {
			isa = XCBuildConfiguration;
			buildSettings = {
				ASSETCATALOG_COMPILER_APPICON_NAME = AppIcon;
				ASSETCATALOG_COMPILER_GLOBAL_ACCENT_COLOR_NAME = AccentColor;
				CODE_SIGN_STYLE = Automatic;
				CURRENT_PROJECT_VERSION = 1;
				DEVELOPMENT_TEAM = 5Q3PSRJ62X;
				GENERATE_INFOPLIST_FILE = YES;
				INFOPLIST_FILE = RewardzTest/Info.plist;
				INFOPLIST_KEY_UIApplicationSupportsIndirectInputEvents = YES;
				INFOPLIST_KEY_UILaunchStoryboardName = LaunchScreen;
				INFOPLIST_KEY_UIMainStoryboardFile = "";
				INFOPLIST_KEY_UISupportedInterfaceOrientations_iPad = "UIInterfaceOrientationPortrait UIInterfaceOrientationPortraitUpsideDown UIInterfaceOrientationLandscapeLeft UIInterfaceOrientationLandscapeRight";
				INFOPLIST_KEY_UISupportedInterfaceOrientations_iPhone = "UIInterfaceOrientationPortrait UIInterfaceOrientationLandscapeLeft UIInterfaceOrientationLandscapeRight";
				IPHONEOS_DEPLOYMENT_TARGET = 14.0;
				LD_RUNPATH_SEARCH_PATHS = (
					"$(inherited)",
					"@executable_path/Frameworks",
				);
				MARKETING_VERSION = 1.0;
				PRODUCT_BUNDLE_IDENTIFIER = com.softsuave.RewardzTest;
				PRODUCT_NAME = "$(TARGET_NAME)";
				SWIFT_EMIT_LOC_STRINGS = YES;
				SWIFT_VERSION = 5.0;
				TARGETED_DEVICE_FAMILY = "1,2";
			};
			name = Release;
		};
/* End XCBuildConfiguration section */

/* Begin XCConfigurationList section */
		EB80D0CC2AD6BB6D00C2C8C7 /* Build configuration list for PBXProject "RewardzTest" */ = {
			isa = XCConfigurationList;
			buildConfigurations = (
				EB80D0E32AD6BB8400C2C8C7 /* Debug */,
				EB80D0E42AD6BB8400C2C8C7 /* Release */,
			);
			defaultConfigurationIsVisible = 0;
			defaultConfigurationName = Release;
		};
		EB80D0E52AD6BB8400C2C8C7 /* Build configuration list for PBXNativeTarget "RewardzTest" */ = {
			isa = XCConfigurationList;
			buildConfigurations = (
				EB80D0E62AD6BB8400C2C8C7 /* Debug */,
				EB80D0E72AD6BB8400C2C8C7 /* Release */,
			);
			defaultConfigurationIsVisible = 0;
			defaultConfigurationName = Release;
		};
/* End XCConfigurationList section */
	};
	rootObject = EB80D0C92AD6BB6C00C2C8C7 /* Project object */;
}
